
Microsoft Visual Studio Solution File, Format Version 12.00
# Visual Studio Version 16
VisualStudioVersion = 25.0.1700.0
MinimumVisualStudioVersion = 10.0.40219.1
Project("{FAE04EC0-301F-11D3-BF4B-00C04F79EFBC}") = "Budget.Mvc", "Budget.Mvc\Budget.Mvc.csproj", "{A5098299-1560-4FB5-93AE-C2F35DCEF9B3}"
EndProject
Global
	GlobalSection(SolutionConfigurationPlatforms) = preSolution
		Debug|Any CPU = Debug|Any CPU
		Release|Any CPU = Release|Any CPU
	EndGlobalSection
	GlobalSection(ProjectConfigurationPlatforms) = postSolution
		{A5098299-1560-4FB5-93AE-C2F35DCEF9B3}.Debug|Any CPU.ActiveCfg = Debug|Any CPU
		{A5098299-1560-4FB5-93AE-C2F35DCEF9B3}.Debug|Any CPU.Build.0 = Debug|Any CPU
		{A5098299-1560-4FB5-93AE-C2F35DCEF9B3}.Release|Any CPU.ActiveCfg = Release|Any CPU
		{A5098299-1560-4FB5-93AE-C2F35DCEF9B3}.Release|Any CPU.Build.0 = Release|Any CPU
	EndGlobalSection
	GlobalSection(SolutionProperties) = preSolution
		HideSolutionNode = FALSE
	EndGlobalSection
	GlobalSection(ExtensibilityGlobals) = postSolution
		SolutionGuid = {52AFCAB3-525E-4E0C-9974-9EC8A7D217F8}
	EndGlobalSection
EndGlobal
